
Microsoft Visual Studio Solution File, Format Version 12.00
# Visual Studio Version 17
VisualStudioVersion = 17.5.33516.290
MinimumVisualStudioVersion = 10.0.40219.1
Project("{FAE04EC0-301F-11D3-BF4B-00C04F79EFBC}") = "Maori Quiz", "Maori Quiz.csproj", "{8C014DCF-B5D3-449C-B314-475A23F6DE37}"
EndProject
Global
	GlobalSection(SolutionConfigurationPlatforms) = preSolution
		Debug|Any CPU = Debug|Any CPU
		Release|Any CPU = Release|Any CPU
	EndGlobalSection
	GlobalSection(ProjectConfigurationPlatforms) = postSolution
		{8C014DCF-B5D3-449C-B314-475A23F6DE37}.Debug|Any CPU.ActiveCfg = Debug|Any CPU
		{8C014DCF-B5D3-449C-B314-475A23F6DE37}.Debug|Any CPU.Build.0 = Debug|Any CPU
		{8C014DCF-B5D3-449C-B314-475A23F6DE37}.Release|Any CPU.ActiveCfg = Release|Any CPU
		{8C014DCF-B5D3-449C-B314-475A23F6DE37}.Release|Any CPU.Build.0 = Release|Any CPU
	EndGlobalSection
	GlobalSection(SolutionProperties) = preSolution
		HideSolutionNode = FALSE
	EndGlobalSection
	GlobalSection(ExtensibilityGlobals) = postSolution
		SolutionGuid = {87731F3F-0686-4402-91ED-BD6D4BF77B75}
	EndGlobalSection
EndGlobal
